
Microsoft Visual Studio Solution File, Format Version 12.00
# Visual Studio Version 17
VisualStudioVersion = 17.14.36109.1
MinimumVisualStudioVersion = 10.0.40219.1
Project("{FAE04EC0-301F-11D3-BF4B-00C04F79EFBC}") = "ZooApi_Mediator", "ZooApi_Mediator\ZooApi_Mediator.csproj", "{5A2E090C-3F7C-465E-AA45-FFF54F8BA470}"
EndProject
Project("{FAE04EC0-301F-11D3-BF4B-00C04F79EFBC}") = "ZooApi_Mediator.Tests", "ZooApi_Mediator.Tests\ZooApi_Mediator.Tests.csproj", "{8B30AC68-FA4A-4E42-8E46-B2C7939F0E81}"
EndProject
Global
	GlobalSection(SolutionConfigurationPlatforms) = preSolution
		Debug|Any CPU = Debug|Any CPU
		Release|Any CPU = Release|Any CPU
	EndGlobalSection
	GlobalSection(ProjectConfigurationPlatforms) = postSolution
		{5A2E090C-3F7C-465E-AA45-FFF54F8BA470}.Debug|Any CPU.ActiveCfg = Debug|Any CPU
		{5A2E090C-3F7C-465E-AA45-FFF54F8BA470}.Debug|Any CPU.Build.0 = Debug|Any CPU
		{5A2E090C-3F7C-465E-AA45-FFF54F8BA470}.Release|Any CPU.ActiveCfg = Release|Any CPU
		{5A2E090C-3F7C-465E-AA45-FFF54F8BA470}.Release|Any CPU.Build.0 = Release|Any CPU
		{8B30AC68-FA4A-4E42-8E46-B2C7939F0E81}.Debug|Any CPU.ActiveCfg = Debug|Any CPU
		{8B30AC68-FA4A-4E42-8E46-B2C7939F0E81}.Debug|Any CPU.Build.0 = Debug|Any CPU
		{8B30AC68-FA4A-4E42-8E46-B2C7939F0E81}.Release|Any CPU.ActiveCfg = Release|Any CPU
		{8B30AC68-FA4A-4E42-8E46-B2C7939F0E81}.Release|Any CPU.Build.0 = Release|Any CPU
	EndGlobalSection
	GlobalSection(SolutionProperties) = preSolution
		HideSolutionNode = FALSE
	EndGlobalSection
	GlobalSection(ExtensibilityGlobals) = postSolution
		SolutionGuid = {7D0A91EE-CE27-466A-AB74-EC119F8A49DD}
	EndGlobalSection
EndGlobal
